
Microsoft Visual Studio Solution File, Format Version 11.00
# Visual Studio 2010
Project("{FAE04EC0-301F-11D3-BF4B-00C04F79EFBC}") = "PathLengthChecker", "PathLengthChecker\PathLengthChecker.csproj", "{9353EBEC-A6EA-49BC-B6F3-7169832423F6}"
EndProject
Project("{FAE04EC0-301F-11D3-BF4B-00C04F79EFBC}") = "PathLengthChecker.Tests", "PathLengthChecker.Tests\PathLengthChecker.Tests.csproj", "{F2CE9DEF-4883-4C36-A37C-7B4840EBFEE0}"
EndProject
Project("{2150E333-8FDC-42A3-9474-1A3956D46DE8}") = "Solution Items", "Solution Items", "{4B526FDF-A5A6-48D7-B44C-7965F7B03817}"
	ProjectSection(SolutionItems) = preProject
		Local.testsettings = Local.testsettings
		TraceAndTestImpact.testsettings = TraceAndTestImpact.testsettings
	EndProjectSection
EndProject
Project("{FAE04EC0-301F-11D3-BF4B-00C04F79EFBC}") = "PathLengthCheckerGUI", "PathLengthCheckerGUI\PathLengthCheckerGUI.csproj", "{C8A77E53-DFBB-4078-B9FC-5016A7562322}"
EndProject
Global
	GlobalSection(TestCaseManagementSettings) = postSolution
		CategoryFile = PathLengthChecker.vsmdi
	EndGlobalSection
	GlobalSection(SolutionConfigurationPlatforms) = preSolution
		Debug|Any CPU = Debug|Any CPU
		Debug|Mixed Platforms = Debug|Mixed Platforms
		Debug|x86 = Debug|x86
		Release|Any CPU = Release|Any CPU
		Release|Mixed Platforms = Release|Mixed Platforms
		Release|x86 = Release|x86
	EndGlobalSection
	GlobalSection(ProjectConfigurationPlatforms) = postSolution
		{9353EBEC-A6EA-49BC-B6F3-7169832423F6}.Debug|Any CPU.ActiveCfg = Debug|x86
		{9353EBEC-A6EA-49BC-B6F3-7169832423F6}.Debug|Mixed Platforms.ActiveCfg = Debug|x86
		{9353EBEC-A6EA-49BC-B6F3-7169832423F6}.Debug|Mixed Platforms.Build.0 = Debug|x86
		{9353EBEC-A6EA-49BC-B6F3-7169832423F6}.Debug|x86.ActiveCfg = Debug|x86
		{9353EBEC-A6EA-49BC-B6F3-7169832423F6}.Debug|x86.Build.0 = Debug|x86
		{9353EBEC-A6EA-49BC-B6F3-7169832423F6}.Release|Any CPU.ActiveCfg = Release|x86
		{9353EBEC-A6EA-49BC-B6F3-7169832423F6}.Release|Mixed Platforms.ActiveCfg = Release|x86
		{9353EBEC-A6EA-49BC-B6F3-7169832423F6}.Release|Mixed Platforms.Build.0 = Release|x86
		{9353EBEC-A6EA-49BC-B6F3-7169832423F6}.Release|x86.ActiveCfg = Release|x86
		{9353EBEC-A6EA-49BC-B6F3-7169832423F6}.Release|x86.Build.0 = Release|x86
		{F2CE9DEF-4883-4C36-A37C-7B4840EBFEE0}.Debug|Any CPU.ActiveCfg = Debug|Any CPU
		{F2CE9DEF-4883-4C36-A37C-7B4840EBFEE0}.Debug|Any CPU.Build.0 = Debug|Any CPU
		{F2CE9DEF-4883-4C36-A37C-7B4840EBFEE0}.Debug|Mixed Platforms.ActiveCfg = Debug|Any CPU
		{F2CE9DEF-4883-4C36-A37C-7B4840EBFEE0}.Debug|Mixed Platforms.Build.0 = Debug|Any CPU
		{F2CE9DEF-4883-4C36-A37C-7B4840EBFEE0}.Debug|x86.ActiveCfg = Debug|Any CPU
		{F2CE9DEF-4883-4C36-A37C-7B4840EBFEE0}.Release|Any CPU.ActiveCfg = Release|Any CPU
		{F2CE9DEF-4883-4C36-A37C-7B4840EBFEE0}.Release|Any CPU.Build.0 = Release|Any CPU
		{F2CE9DEF-4883-4C36-A37C-7B4840EBFEE0}.Release|Mixed Platforms.ActiveCfg = Release|Any CPU
		{F2CE9DEF-4883-4C36-A37C-7B4840EBFEE0}.Release|Mixed Platforms.Build.0 = Release|Any CPU
		{F2CE9DEF-4883-4C36-A37C-7B4840EBFEE0}.Release|x86.ActiveCfg = Release|Any CPU
		{C8A77E53-DFBB-4078-B9FC-5016A7562322}.Debug|Any CPU.ActiveCfg = Debug|x86
		{C8A77E53-DFBB-4078-B9FC-5016A7562322}.Debug|Mixed Platforms.ActiveCfg = Debug|x86
		{C8A77E53-DFBB-4078-B9FC-5016A7562322}.Debug|Mixed Platforms.Build.0 = Debug|x86
		{C8A77E53-DFBB-4078-B9FC-5016A7562322}.Debug|x86.ActiveCfg = Debug|x86
		{C8A77E53-DFBB-4078-B9FC-5016A7562322}.Debug|x86.Build.0 = Debug|x86
		{C8A77E53-DFBB-4078-B9FC-5016A7562322}.Release|Any CPU.ActiveCfg = Release|x86
		{C8A77E53-DFBB-4078-B9FC-5016A7562322}.Release|Mixed Platforms.ActiveCfg = Release|x86
		{C8A77E53-DFBB-4078-B9FC-5016A7562322}.Release|Mixed Platforms.Build.0 = Release|x86
		{C8A77E53-DFBB-4078-B9FC-5016A7562322}.Release|x86.ActiveCfg = Release|x86
		{C8A77E53-DFBB-4078-B9FC-5016A7562322}.Release|x86.Build.0 = Release|x86
	EndGlobalSection
	GlobalSection(SolutionProperties) = preSolution
		HideSolutionNode = FALSE
	EndGlobalSection
EndGlobal
